
Microsoft Visual Studio Solution File, Format Version 12.00
# Visual Studio 14
VisualStudioVersion = 14.0.25420.1
MinimumVisualStudioVersion = 10.0.40219.1
Project("{2150E333-8FDC-42A3-9474-1A3956D46DE8}") = "PawService", "PawService", "{5DD2A3AA-C597-4E03-BE38-1B84323E39EA}"
EndProject
Project("{2150E333-8FDC-42A3-9474-1A3956D46DE8}") = "PawDal", "PawDal", "{E4BD3BF3-04FA-42BF-99E0-A83BD73EE322}"
EndProject
Project("{2150E333-8FDC-42A3-9474-1A3956D46DE8}") = "LoTCode", "LoTCode", "{1A717C17-5E36-457A-88AB-BBF86997B875}"
EndProject
Project("{2150E333-8FDC-42A3-9474-1A3956D46DE8}") = "PawWeb", "PawWeb", "{6693D84D-CDF8-4258-B817-09187F7A5C5E}"
EndProject
Project("{FAE04EC0-301F-11D3-BF4B-00C04F79EFBC}") = "PawChina.UI", "PawChina.UI\PawChina.UI.csproj", "{C5A5ABE7-C3F4-4086-A281-B2BD3DCE877C}"
EndProject
Project("{FAE04EC0-301F-11D3-BF4B-00C04F79EFBC}") = "PawChina.IDal", "PawChina.IDal\PawChina.IDal.csproj", "{5A1EB3C9-2239-4FB2-AE92-9CEC8D3DEC99}"
EndProject
Project("{FAE04EC0-301F-11D3-BF4B-00C04F79EFBC}") = "PawChina.Dal", "PawChina.Dal\PawChina.Dal.csproj", "{8E9CAC8C-016E-4E64-97B7-23A6090F06F2}"
EndProject
Project("{FAE04EC0-301F-11D3-BF4B-00C04F79EFBC}") = "PawChina.BLL", "PawChina.BLL\PawChina.BLL.csproj", "{4835E093-C687-40E4-BD53-A26EBBF71AED}"
EndProject
Project("{FAE04EC0-301F-11D3-BF4B-00C04F79EFBC}") = "PawChina.IBLL", "PawChina.IBLL\PawChina.IBLL.csproj", "{7DE6C77A-543E-4A6E-81EF-455360177221}"
EndProject
Project("{FAE04EC0-301F-11D3-BF4B-00C04F79EFBC}") = "PawChina.Model", "PawChina.Model\PawChina.Model.csproj", "{E689757D-FDB7-42E9-BE70-8EE6738E12E0}"
EndProject
Project("{2150E333-8FDC-42A3-9474-1A3956D46DE8}") = "PawCom", "PawCom", "{5AC1A1AB-12AF-469D-93FD-E5EC5283B640}"
EndProject
Project("{FAE04EC0-301F-11D3-BF4B-00C04F79EFBC}") = "LoTLib.Core", "LoTCode\LoTLib.Core\LoTLib.Core.csproj", "{6961984B-B45C-4E80-90A8-D9BFFF2DEE82}"
EndProject
Project("{FAE04EC0-301F-11D3-BF4B-00C04F79EFBC}") = "LoTLib.WebExt", "LoTCode\LoTLib.WebExt\LoTLib.WebExt.csproj", "{5BA0783C-340E-44A0-B247-87576BC7C8B1}"
EndProject
Project("{2150E333-8FDC-42A3-9474-1A3956D46DE8}") = "PawFactory", "PawFactory", "{74791E72-4159-44B8-A24A-EBEAA2E2A8B1}"
EndProject
Project("{FAE04EC0-301F-11D3-BF4B-00C04F79EFBC}") = "PawChina.Factory", "PawChina.Factory\PawChina.Factory.csproj", "{B6AAA151-2516-430E-9288-FDB1677E47A8}"
EndProject
Project("{FAE04EC0-301F-11D3-BF4B-00C04F79EFBC}") = "PawChina.IOC", "PawChina.IOC\PawChina.IOC.csproj", "{E7C24DB7-4DB6-4B14-A796-FB00D5E33E47}"
EndProject
Project("{FAE04EC0-301F-11D3-BF4B-00C04F79EFBC}") = "LoTData.Core", "LoTCode\LoTData.Core\LoTData.Core\LoTData.Core.csproj", "{3AC58219-E07E-46A7-BD80-0FB5F1C6C066}"
EndProject
Project("{FAE04EC0-301F-11D3-BF4B-00C04F79EFBC}") = "LoTLib.Word.Split", "LoTCode\LoTLib.Word.Split\LoTLib.Word.Split.csproj", "{66B08DF8-56F0-494F-BAA1-84AFC0DE895D}"
EndProject
Global
	GlobalSection(SolutionConfigurationPlatforms) = preSolution
		Debug|Any CPU = Debug|Any CPU
		Release|Any CPU = Release|Any CPU
	EndGlobalSection
	GlobalSection(ProjectConfigurationPlatforms) = postSolution
		{C5A5ABE7-C3F4-4086-A281-B2BD3DCE877C}.Debug|Any CPU.ActiveCfg = Debug|Any CPU
		{C5A5ABE7-C3F4-4086-A281-B2BD3DCE877C}.Debug|Any CPU.Build.0 = Debug|Any CPU
		{C5A5ABE7-C3F4-4086-A281-B2BD3DCE877C}.Release|Any CPU.ActiveCfg = Release|Any CPU
		{C5A5ABE7-C3F4-4086-A281-B2BD3DCE877C}.Release|Any CPU.Build.0 = Release|Any CPU
		{5A1EB3C9-2239-4FB2-AE92-9CEC8D3DEC99}.Debug|Any CPU.ActiveCfg = Debug|Any CPU
		{5A1EB3C9-2239-4FB2-AE92-9CEC8D3DEC99}.Debug|Any CPU.Build.0 = Debug|Any CPU
		{5A1EB3C9-2239-4FB2-AE92-9CEC8D3DEC99}.Release|Any CPU.ActiveCfg = Release|Any CPU
		{5A1EB3C9-2239-4FB2-AE92-9CEC8D3DEC99}.Release|Any CPU.Build.0 = Release|Any CPU
		{8E9CAC8C-016E-4E64-97B7-23A6090F06F2}.Debug|Any CPU.ActiveCfg = Debug|Any CPU
		{8E9CAC8C-016E-4E64-97B7-23A6090F06F2}.Debug|Any CPU.Build.0 = Debug|Any CPU
		{8E9CAC8C-016E-4E64-97B7-23A6090F06F2}.Release|Any CPU.ActiveCfg = Release|Any CPU
		{8E9CAC8C-016E-4E64-97B7-23A6090F06F2}.Release|Any CPU.Build.0 = Release|Any CPU
		{4835E093-C687-40E4-BD53-A26EBBF71AED}.Debug|Any CPU.ActiveCfg = Debug|Any CPU
		{4835E093-C687-40E4-BD53-A26EBBF71AED}.Debug|Any CPU.Build.0 = Debug|Any CPU
		{4835E093-C687-40E4-BD53-A26EBBF71AED}.Release|Any CPU.ActiveCfg = Release|Any CPU
		{4835E093-C687-40E4-BD53-A26EBBF71AED}.Release|Any CPU.Build.0 = Release|Any CPU
		{7DE6C77A-543E-4A6E-81EF-455360177221}.Debug|Any CPU.ActiveCfg = Debug|Any CPU
		{7DE6C77A-543E-4A6E-81EF-455360177221}.Debug|Any CPU.Build.0 = Debug|Any CPU
		{7DE6C77A-543E-4A6E-81EF-455360177221}.Release|Any CPU.ActiveCfg = Release|Any CPU
		{7DE6C77A-543E-4A6E-81EF-455360177221}.Release|Any CPU.Build.0 = Release|Any CPU
		{E689757D-FDB7-42E9-BE70-8EE6738E12E0}.Debug|Any CPU.ActiveCfg = Debug|Any CPU
		{E689757D-FDB7-42E9-BE70-8EE6738E12E0}.Debug|Any CPU.Build.0 = Debug|Any CPU
		{E689757D-FDB7-42E9-BE70-8EE6738E12E0}.Release|Any CPU.ActiveCfg = Release|Any CPU
		{E689757D-FDB7-42E9-BE70-8EE6738E12E0}.Release|Any CPU.Build.0 = Release|Any CPU
		{6961984B-B45C-4E80-90A8-D9BFFF2DEE82}.Debug|Any CPU.ActiveCfg = Debug|Any CPU
		{6961984B-B45C-4E80-90A8-D9BFFF2DEE82}.Debug|Any CPU.Build.0 = Debug|Any CPU
		{6961984B-B45C-4E80-90A8-D9BFFF2DEE82}.Release|Any CPU.ActiveCfg = Release|Any CPU
		{6961984B-B45C-4E80-90A8-D9BFFF2DEE82}.Release|Any CPU.Build.0 = Release|Any CPU
		{5BA0783C-340E-44A0-B247-87576BC7C8B1}.Debug|Any CPU.ActiveCfg = Debug|Any CPU
		{5BA0783C-340E-44A0-B247-87576BC7C8B1}.Debug|Any CPU.Build.0 = Debug|Any CPU
		{5BA0783C-340E-44A0-B247-87576BC7C8B1}.Release|Any CPU.ActiveCfg = Release|Any CPU
		{5BA0783C-340E-44A0-B247-87576BC7C8B1}.Release|Any CPU.Build.0 = Release|Any CPU
		{B6AAA151-2516-430E-9288-FDB1677E47A8}.Debug|Any CPU.ActiveCfg = Debug|Any CPU
		{B6AAA151-2516-430E-9288-FDB1677E47A8}.Debug|Any CPU.Build.0 = Debug|Any CPU
		{B6AAA151-2516-430E-9288-FDB1677E47A8}.Release|Any CPU.ActiveCfg = Release|Any CPU
		{B6AAA151-2516-430E-9288-FDB1677E47A8}.Release|Any CPU.Build.0 = Release|Any CPU
		{E7C24DB7-4DB6-4B14-A796-FB00D5E33E47}.Debug|Any CPU.ActiveCfg = Debug|Any CPU
		{E7C24DB7-4DB6-4B14-A796-FB00D5E33E47}.Debug|Any CPU.Build.0 = Debug|Any CPU
		{E7C24DB7-4DB6-4B14-A796-FB00D5E33E47}.Release|Any CPU.ActiveCfg = Release|Any CPU
		{E7C24DB7-4DB6-4B14-A796-FB00D5E33E47}.Release|Any CPU.Build.0 = Release|Any CPU
		{3AC58219-E07E-46A7-BD80-0FB5F1C6C066}.Debug|Any CPU.ActiveCfg = Debug|Any CPU
		{3AC58219-E07E-46A7-BD80-0FB5F1C6C066}.Debug|Any CPU.Build.0 = Debug|Any CPU
		{3AC58219-E07E-46A7-BD80-0FB5F1C6C066}.Release|Any CPU.ActiveCfg = Release|Any CPU
		{3AC58219-E07E-46A7-BD80-0FB5F1C6C066}.Release|Any CPU.Build.0 = Release|Any CPU
		{66B08DF8-56F0-494F-BAA1-84AFC0DE895D}.Debug|Any CPU.ActiveCfg = Debug|Any CPU
		{66B08DF8-56F0-494F-BAA1-84AFC0DE895D}.Debug|Any CPU.Build.0 = Debug|Any CPU
		{66B08DF8-56F0-494F-BAA1-84AFC0DE895D}.Release|Any CPU.ActiveCfg = Release|Any CPU
		{66B08DF8-56F0-494F-BAA1-84AFC0DE895D}.Release|Any CPU.Build.0 = Release|Any CPU
	EndGlobalSection
	GlobalSection(SolutionProperties) = preSolution
		HideSolutionNode = FALSE
	EndGlobalSection
	GlobalSection(NestedProjects) = preSolution
		{C5A5ABE7-C3F4-4086-A281-B2BD3DCE877C} = {6693D84D-CDF8-4258-B817-09187F7A5C5E}
		{5A1EB3C9-2239-4FB2-AE92-9CEC8D3DEC99} = {E4BD3BF3-04FA-42BF-99E0-A83BD73EE322}
		{8E9CAC8C-016E-4E64-97B7-23A6090F06F2} = {E4BD3BF3-04FA-42BF-99E0-A83BD73EE322}
		{4835E093-C687-40E4-BD53-A26EBBF71AED} = {5DD2A3AA-C597-4E03-BE38-1B84323E39EA}
		{7DE6C77A-543E-4A6E-81EF-455360177221} = {5DD2A3AA-C597-4E03-BE38-1B84323E39EA}
		{E689757D-FDB7-42E9-BE70-8EE6738E12E0} = {5AC1A1AB-12AF-469D-93FD-E5EC5283B640}
		{6961984B-B45C-4E80-90A8-D9BFFF2DEE82} = {1A717C17-5E36-457A-88AB-BBF86997B875}
		{5BA0783C-340E-44A0-B247-87576BC7C8B1} = {1A717C17-5E36-457A-88AB-BBF86997B875}
		{B6AAA151-2516-430E-9288-FDB1677E47A8} = {74791E72-4159-44B8-A24A-EBEAA2E2A8B1}
		{E7C24DB7-4DB6-4B14-A796-FB00D5E33E47} = {74791E72-4159-44B8-A24A-EBEAA2E2A8B1}
		{3AC58219-E07E-46A7-BD80-0FB5F1C6C066} = {1A717C17-5E36-457A-88AB-BBF86997B875}
		{66B08DF8-56F0-494F-BAA1-84AFC0DE895D} = {1A717C17-5E36-457A-88AB-BBF86997B875}
	EndGlobalSection
EndGlobal
